
Microsoft Visual Studio Solution File, Format Version 12.00
# Visual Studio Version 16
VisualStudioVersion = 16.0.31313.79
MinimumVisualStudioVersion = 10.0.40219.1
Project("{9A19103F-16F7-4668-BE54-9A1E7A4F7556}") = "ApartmentManagement.Domain", "ETicaret.Domain\ApartmentManagement.Domain.csproj", "{501A1E06-4630-4915-AF2D-68E1BD00E157}"
EndProject
Project("{9A19103F-16F7-4668-BE54-9A1E7A4F7556}") = "ApartmentManagement.Infrastructure", "ETicaret.Infrastructure\ApartmentManagement.Infrastructure.csproj", "{EBD5A1AF-8E91-4263-9AB2-10FA4C926067}"
EndProject
Project("{9A19103F-16F7-4668-BE54-9A1E7A4F7556}") = "AparmentManagement.Application", "ETicaret.Application\AparmentManagement.Application.csproj", "{3884E047-10F7-4A50-9172-A01B3F7B2861}"
EndProject
Project("{9A19103F-16F7-4668-BE54-9A1E7A4F7556}") = "ApartmentManagement.Web", "ETicaret.Web\ApartmentManagement.Web.csproj", "{D9B949AD-57C4-4AD8-BB3A-2EF5D81E9544}"
EndProject
Project("{9A19103F-16F7-4668-BE54-9A1E7A4F7556}") = "ApartmentManagement.CreditCardService", "ETicaret.CreditCardService\ApartmentManagement.CreditCardService.csproj", "{4684C2E5-35B7-494A-B625-CF9AC5062930}"
EndProject
Global
	GlobalSection(SolutionConfigurationPlatforms) = preSolution
		Debug|Any CPU = Debug|Any CPU
		Release|Any CPU = Release|Any CPU
	EndGlobalSection
	GlobalSection(ProjectConfigurationPlatforms) = postSolution
		{501A1E06-4630-4915-AF2D-68E1BD00E157}.Debug|Any CPU.ActiveCfg = Debug|Any CPU
		{501A1E06-4630-4915-AF2D-68E1BD00E157}.Debug|Any CPU.Build.0 = Debug|Any CPU
		{501A1E06-4630-4915-AF2D-68E1BD00E157}.Release|Any CPU.ActiveCfg = Release|Any CPU
		{501A1E06-4630-4915-AF2D-68E1BD00E157}.Release|Any CPU.Build.0 = Release|Any CPU
		{EBD5A1AF-8E91-4263-9AB2-10FA4C926067}.Debug|Any CPU.ActiveCfg = Debug|Any CPU
		{EBD5A1AF-8E91-4263-9AB2-10FA4C926067}.Debug|Any CPU.Build.0 = Debug|Any CPU
		{EBD5A1AF-8E91-4263-9AB2-10FA4C926067}.Release|Any CPU.ActiveCfg = Release|Any CPU
		{EBD5A1AF-8E91-4263-9AB2-10FA4C926067}.Release|Any CPU.Build.0 = Release|Any CPU
		{3884E047-10F7-4A50-9172-A01B3F7B2861}.Debug|Any CPU.ActiveCfg = Debug|Any CPU
		{3884E047-10F7-4A50-9172-A01B3F7B2861}.Debug|Any CPU.Build.0 = Debug|Any CPU
		{3884E047-10F7-4A50-9172-A01B3F7B2861}.Release|Any CPU.ActiveCfg = Release|Any CPU
		{3884E047-10F7-4A50-9172-A01B3F7B2861}.Release|Any CPU.Build.0 = Release|Any CPU
		{D9B949AD-57C4-4AD8-BB3A-2EF5D81E9544}.Debug|Any CPU.ActiveCfg = Debug|Any CPU
		{D9B949AD-57C4-4AD8-BB3A-2EF5D81E9544}.Debug|Any CPU.Build.0 = Debug|Any CPU
		{D9B949AD-57C4-4AD8-BB3A-2EF5D81E9544}.Release|Any CPU.ActiveCfg = Release|Any CPU
		{D9B949AD-57C4-4AD8-BB3A-2EF5D81E9544}.Release|Any CPU.Build.0 = Release|Any CPU
		{4684C2E5-35B7-494A-B625-CF9AC5062930}.Debug|Any CPU.ActiveCfg = Debug|Any CPU
		{4684C2E5-35B7-494A-B625-CF9AC5062930}.Debug|Any CPU.Build.0 = Debug|Any CPU
		{4684C2E5-35B7-494A-B625-CF9AC5062930}.Release|Any CPU.ActiveCfg = Release|Any CPU
		{4684C2E5-35B7-494A-B625-CF9AC5062930}.Release|Any CPU.Build.0 = Release|Any CPU
	EndGlobalSection
	GlobalSection(SolutionProperties) = preSolution
		HideSolutionNode = FALSE
	EndGlobalSection
	GlobalSection(ExtensibilityGlobals) = postSolution
		SolutionGuid = {A4415EBC-1F93-4275-A400-8A6EB263AF69}
	EndGlobalSection
EndGlobal
